
Microsoft Visual Studio Solution File, Format Version 12.00
# Visual Studio Version 17
VisualStudioVersion = 17.7.34221.43
MinimumVisualStudioVersion = 10.0.40219.1
Project("{9A19103F-16F7-4668-BE54-9A1E7A4F7556}") = "DeMariaSoftware", "DeMariaSoftware.csproj", "{83A2A438-021D-42FC-BDE4-C7DB0B789A0E}"
EndProject
Project("{9A19103F-16F7-4668-BE54-9A1E7A4F7556}") = "DeMariaSoftwareTest", "..\DeMariaSoftwareTest\DeMariaSoftwareTest.csproj", "{10658AB4-3A85-4DD4-A8F6-0E8BFA2402A2}"
EndProject
Global
	GlobalSection(SolutionConfigurationPlatforms) = preSolution
		Debug|Any CPU = Debug|Any CPU
		Release|Any CPU = Release|Any CPU
	EndGlobalSection
	GlobalSection(ProjectConfigurationPlatforms) = postSolution
		{83A2A438-021D-42FC-BDE4-C7DB0B789A0E}.Debug|Any CPU.ActiveCfg = Debug|Any CPU
		{83A2A438-021D-42FC-BDE4-C7DB0B789A0E}.Debug|Any CPU.Build.0 = Debug|Any CPU
		{83A2A438-021D-42FC-BDE4-C7DB0B789A0E}.Release|Any CPU.ActiveCfg = Release|Any CPU
		{83A2A438-021D-42FC-BDE4-C7DB0B789A0E}.Release|Any CPU.Build.0 = Release|Any CPU
		{10658AB4-3A85-4DD4-A8F6-0E8BFA2402A2}.Debug|Any CPU.ActiveCfg = Debug|Any CPU
		{10658AB4-3A85-4DD4-A8F6-0E8BFA2402A2}.Debug|Any CPU.Build.0 = Debug|Any CPU
		{10658AB4-3A85-4DD4-A8F6-0E8BFA2402A2}.Release|Any CPU.ActiveCfg = Release|Any CPU
		{10658AB4-3A85-4DD4-A8F6-0E8BFA2402A2}.Release|Any CPU.Build.0 = Release|Any CPU
	EndGlobalSection
	GlobalSection(SolutionProperties) = preSolution
		HideSolutionNode = FALSE
	EndGlobalSection
	GlobalSection(ExtensibilityGlobals) = postSolution
		SolutionGuid = {5331E121-4FA2-4395-8F35-E03BBD063F36}
	EndGlobalSection
EndGlobal
